
Microsoft Visual Studio Solution File, Format Version 12.00
# Visual Studio Version 17
VisualStudioVersion = 17.14.36202.13
MinimumVisualStudioVersion = 10.0.40219.1
Project("{FAE04EC0-301F-11D3-BF4B-00C04F79EFBC}") = "SmartAssetHub.Infra", "SmartAssetHub.Infra\SmartAssetHub.Infra.csproj", "{98AAB48E-675D-49B0-88A3-FE3B71D53E9C}"
EndProject
Project("{FAE04EC0-301F-11D3-BF4B-00C04F79EFBC}") = "SmartAssetHub.Core", "SmartAssetHub.Core\SmartAssetHub.Core.csproj", "{C2D5A1B0-154F-4490-BE4D-F11C32D0A5EC}"
EndProject
Project("{FAE04EC0-301F-11D3-BF4B-00C04F79EFBC}") = "SmartAssetHub.Functions", "SmartAssetHub.Functions\SmartAssetHub.Functions.csproj", "{36FB0D90-0723-445C-8AA5-2B5C09E05F9A}"
EndProject
Global
	GlobalSection(SolutionConfigurationPlatforms) = preSolution
		Debug|Any CPU = Debug|Any CPU
		Release|Any CPU = Release|Any CPU
	EndGlobalSection
	GlobalSection(ProjectConfigurationPlatforms) = postSolution
		{98AAB48E-675D-49B0-88A3-FE3B71D53E9C}.Debug|Any CPU.ActiveCfg = Debug|Any CPU
		{98AAB48E-675D-49B0-88A3-FE3B71D53E9C}.Debug|Any CPU.Build.0 = Debug|Any CPU
		{98AAB48E-675D-49B0-88A3-FE3B71D53E9C}.Release|Any CPU.ActiveCfg = Release|Any CPU
		{98AAB48E-675D-49B0-88A3-FE3B71D53E9C}.Release|Any CPU.Build.0 = Release|Any CPU
		{C2D5A1B0-154F-4490-BE4D-F11C32D0A5EC}.Debug|Any CPU.ActiveCfg = Debug|Any CPU
		{C2D5A1B0-154F-4490-BE4D-F11C32D0A5EC}.Debug|Any CPU.Build.0 = Debug|Any CPU
		{C2D5A1B0-154F-4490-BE4D-F11C32D0A5EC}.Release|Any CPU.ActiveCfg = Release|Any CPU
		{C2D5A1B0-154F-4490-BE4D-F11C32D0A5EC}.Release|Any CPU.Build.0 = Release|Any CPU
		{36FB0D90-0723-445C-8AA5-2B5C09E05F9A}.Debug|Any CPU.ActiveCfg = Debug|Any CPU
		{36FB0D90-0723-445C-8AA5-2B5C09E05F9A}.Debug|Any CPU.Build.0 = Debug|Any CPU
		{36FB0D90-0723-445C-8AA5-2B5C09E05F9A}.Release|Any CPU.ActiveCfg = Release|Any CPU
		{36FB0D90-0723-445C-8AA5-2B5C09E05F9A}.Release|Any CPU.Build.0 = Release|Any CPU
	EndGlobalSection
	GlobalSection(SolutionProperties) = preSolution
		HideSolutionNode = FALSE
	EndGlobalSection
	GlobalSection(ExtensibilityGlobals) = postSolution
		SolutionGuid = {17EDB0E3-5546-41E9-945E-01A1EF3EA3AF}
	EndGlobalSection
EndGlobal
